// !$*UTF8*$!
{
	archiveVersion = 1;
	classes = {
	};
	objectVersion = 46;
	objects = {

/* Begin PBXBuildFile section */
		C72655E81726EE250087AA47 /* UIKit.framework in Frameworks */ = {isa = PBXBuildFile; fileRef = C72655E71726EE250087AA47 /* UIKit.framework */; };
		C72655EA1726EE250087AA47 /* Foundation.framework in Frameworks */ = {isa = PBXBuildFile; fileRef = C72655E91726EE250087AA47 /* Foundation.framework */; };
		C72655EC1726EE250087AA47 /* CoreGraphics.framework in Frameworks */ = {isa = PBXBuildFile; fileRef = C72655EB1726EE250087AA47 /* CoreGraphics.framework */; };
		C72655F21726EE250087AA47 /* InfoPlist.strings in Resources */ = {isa = PBXBuildFile; fileRef = C72655F01726EE250087AA47 /* InfoPlist.strings */; };
		C72655F41726EE250087AA47 /* main.m in Sources */ = {isa = PBXBuildFile; fileRef = C72655F31726EE250087AA47 /* main.m */; };
		C72655F81726EE250087AA47 /* CLAppDelegate.m in Sources */ = {isa = PBXBuildFile; fileRef = C72655F71726EE250087AA47 /* CLAppDelegate.m */; };
		C72655FA1726EE250087AA47 /* Default.png in Resources */ = {isa = PBXBuildFile; fileRef = C72655F91726EE250087AA47 /* Default.png */; };
		C72655FC1726EE250087AA47 /* Default@2x.png in Resources */ = {isa = PBXBuildFile; fileRef = C72655FB1726EE250087AA47 /* Default@2x.png */; };
		C72655FE1726EE250087AA47 /* Default-568h@2x.png in Resources */ = {isa = PBXBuildFile; fileRef = C72655FD1726EE250087AA47 /* Default-568h@2x.png */; };
		C72656061726EE400087AA47 /* CLViewController.m in Sources */ = {isa = PBXBuildFile; fileRef = C72656051726EE400087AA47 /* CLViewController.m */; };
		C7A294DA1726F06000CFB80D /* AudioToolbox.framework in Frameworks */ = {isa = PBXBuildFile; fileRef = C7A294D91726F06000CFB80D /* AudioToolbox.framework */; };
/* End PBXBuildFile section */

/* Begin PBXFileReference section */
		C72655E41726EE250087AA47 /* PhoneVibrates.app */ = {isa = PBXFileReference; explicitFileType = wrapper.application; includeInIndex = 0; path = PhoneVibrates.app; sourceTree = BUILT_PRODUCTS_DIR; };
		C72655E71726EE250087AA47 /* UIKit.framework */ = {isa = PBXFileReference; lastKnownFileType = wrapper.framework; name = UIKit.framework; path = System/Library/Frameworks/UIKit.framework; sourceTree = SDKROOT; };
		C72655E91726EE250087AA47 /* Foundation.framework */ = {isa = PBXFileReference; lastKnownFileType = wrapper.framework; name = Foundation.framework; path = System/Library/Frameworks/Foundation.framework; sourceTree = SDKROOT; };
		C72655EB1726EE250087AA47 /* CoreGraphics.framework */ = {isa = PBXFileReference; lastKnownFileType = wrapper.framework; name = CoreGraphics.framework; path = System/Library/Frameworks/CoreGraphics.framework; sourceTree = SDKROOT; };
		C72655EF1726EE250087AA47 /* PhoneVibrates-Info.plist */ = {isa = PBXFileReference; lastKnownFileType = text.plist.xml; path = "PhoneVibrates-Info.plist"; sourceTree = "<group>"; };
		C72655F11726EE250087AA47 /* en */ = {isa = PBXFileReference; lastKnownFileType = text.plist.strings; name = en; path = en.lproj/InfoPlist.strings; sourceTree = "<group>"; };
		C72655F31726EE250087AA47 /* main.m */ = {isa = PBXFileReference; lastKnownFileType = sourcecode.c.objc; path = main.m; sourceTree = "<group>"; };
		C72655F51726EE250087AA47 /* PhoneVibrates-Prefix.pch */ = {isa = PBXFileReference; lastKnownFileType = sourcecode.c.h; path = "PhoneVibrates-Prefix.pch"; sourceTree = "<group>"; };
		C72655F61726EE250087AA47 /* CLAppDelegate.h */ = {isa = PBXFileReference; lastKnownFileType = sourcecode.c.h; path = CLAppDelegate.h; sourceTree = "<group>"; };
		C72655F71726EE250087AA47 /* CLAppDelegate.m */ = {isa = PBXFileReference; lastKnownFileType = sourcecode.c.objc; path = CLAppDelegate.m; sourceTree = "<group>"; };
		C72655F91726EE250087AA47 /* Default.png */ = {isa = PBXFileReference; lastKnownFileType = image.png; path = Default.png; sourceTree = "<group>"; };
		C72655FB1726EE250087AA47 /* Default@2x.png */ = {isa = PBXFileReference; lastKnownFileType = image.png; path = "Default@2x.png"; sourceTree = "<group>"; };
		C72655FD1726EE250087AA47 /* Default-568h@2x.png */ = {isa = PBXFileReference; lastKnownFileType = image.png; path = "Default-568h@2x.png"; sourceTree = "<group>"; };
		C72656041726EE400087AA47 /* CLViewController.h */ = {isa = PBXFileReference; fileEncoding = 4; lastKnownFileType = sourcecode.c.h; path = CLViewController.h; sourceTree = "<group>"; };
		C72656051726EE400087AA47 /* CLViewController.m */ = {isa = PBXFileReference; fileEncoding = 4; lastKnownFileType = sourcecode.c.objc; path = CLViewController.m; sourceTree = "<group>"; };
		C7A294D91726F06000CFB80D /* AudioToolbox.framework */ = {isa = PBXFileReference; lastKnownFileType = wrapper.framework; name = AudioToolbox.framework; path = System/Library/Frameworks/AudioToolbox.framework; sourceTree = SDKROOT; };
/* End PBXFileReference section */

/* Begin PBXFrameworksBuildPhase section */
		C72655E11726EE250087AA47 /* Frameworks */ = {
			isa = PBXFrameworksBuildPhase;
			buildActionMask = 2147483647;
			files = (
				C7A294DA1726F06000CFB80D /* AudioToolbox.framework in Frameworks */,
				C72655E81726EE250087AA47 /* UIKit.framework in Frameworks */,
				C72655EA1726EE250087AA47 /* Foundation.framework in Frameworks */,
				C72655EC1726EE250087AA47 /* CoreGraphics.framework in Frameworks */,
			);
			runOnlyForDeploymentPostprocessing = 0;
		};
/* End PBXFrameworksBuildPhase section */

/* Begin PBXGroup section */
		C72655DB1726EE250087AA47 = {
			isa = PBXGroup;
			children = (
				C72655ED1726EE250087AA47 /* PhoneVibrates */,
				C72655E61726EE250087AA47 /* Frameworks */,
				C72655E51726EE250087AA47 /* Products */,
			);
			sourceTree = "<group>";
		};
		C72655E51726EE250087AA47 /* Products */ = {
			isa = PBXGroup;
			children = (
				C72655E41726EE250087AA47 /* PhoneVibrates.app */,
			);
			name = Products;
			sourceTree = "<group>";
		};
		C72655E61726EE250087AA47 /* Frameworks */ = {
			isa = PBXGroup;
			children = (
				C7A294D91726F06000CFB80D /* AudioToolbox.framework */,
				C72655E71726EE250087AA47 /* UIKit.framework */,
				C72655E91726EE250087AA47 /* Foundation.framework */,
				C72655EB1726EE250087AA47 /* CoreGraphics.framework */,
			);
			name = Frameworks;
			sourceTree = "<group>";
		};
		C72655ED1726EE250087AA47 /* PhoneVibrates */ = {
			isa = PBXGroup;
			children = (
				C72655F61726EE250087AA47 /* CLAppDelegate.h */,
				C72655F71726EE250087AA47 /* CLAppDelegate.m */,
				C72655EE1726EE250087AA47 /* Supporting Files */,
				C72656041726EE400087AA47 /* CLViewController.h */,
				C72656051726EE400087AA47 /* CLViewController.m */,
			);
			path = PhoneVibrates;
			sourceTree = "<group>";
		};
		C72655EE1726EE250087AA47 /* Supporting Files */ = {
			isa = PBXGroup;
			children = (
				C72655EF1726EE250087AA47 /* PhoneVibrates-Info.plist */,
				C72655F01726EE250087AA47 /* InfoPlist.strings */,
				C72655F31726EE250087AA47 /* main.m */,
				C72655F51726EE250087AA47 /* PhoneVibrates-Prefix.pch */,
				C72655F91726EE250087AA47 /* Default.png */,
				C72655FB1726EE250087AA47 /* Default@2x.png */,
				C72655FD1726EE250087AA47 /* Default-568h@2x.png */,
			);
			name = "Supporting Files";
			sourceTree = "<group>";
		};
/* End PBXGroup section */

/* Begin PBXNativeTarget section */
		C72655E31726EE250087AA47 /* PhoneVibrates */ = {
			isa = PBXNativeTarget;
			buildConfigurationList = C72656011726EE250087AA47 /* Build configuration list for PBXNativeTarget "PhoneVibrates" */;
			buildPhases = (
				C72655E01726EE250087AA47 /* Sources */,
				C72655E11726EE250087AA47 /* Frameworks */,
				C72655E21726EE250087AA47 /* Resources */,
			);
			buildRules = (
			);
			dependencies = (
			);
			name = PhoneVibrates;
			productName = PhoneVibrates;
			productReference = C72655E41726EE250087AA47 /* PhoneVibrates.app */;
			productType = "com.apple.product-type.application";
		};
/* End PBXNativeTarget section */

/* Begin PBXProject section */
		C72655DC1726EE250087AA47 /* Project object */ = {
			isa = PBXProject;
			attributes = {
				CLASSPREFIX = CL;
				LastUpgradeCheck = 0460;
				ORGANIZATIONNAME = "Darcy Liu";
			};
			buildConfigurationList = C72655DF1726EE250087AA47 /* Build configuration list for PBXProject "PhoneVibrates" */;
			compatibilityVersion = "Xcode 3.2";
			developmentRegion = English;
			hasScannedForEncodings = 0;
			knownRegions = (
				en,
			);
			mainGroup = C72655DB1726EE250087AA47;
			productRefGroup = C72655E51726EE250087AA47 /* Products */;
			projectDirPath = "";
			projectRoot = "";
			targets = (
				C72655E31726EE250087AA47 /* PhoneVibrates */,
			);
		};
/* End PBXProject section */

/* Begin PBXResourcesBuildPhase section */
		C72655E21726EE250087AA47 /* Resources */ = {
			isa = PBXResourcesBuildPhase;
			buildActionMask = 2147483647;
			files = (
				C72655F21726EE250087AA47 /* InfoPlist.strings in Resources */,
				C72655FA1726EE250087AA47 /* Default.png in Resources */,
				C72655FC1726EE250087AA47 /* Default@2x.png in Resources */,
				C72655FE1726EE250087AA47 /* Default-568h@2x.png in Resources */,
			);
			runOnlyForDeploymentPostprocessing = 0;
		};
/* End PBXResourcesBuildPhase section */

/* Begin PBXSourcesBuildPhase section */
		C72655E01726EE250087AA47 /* Sources */ = {
			isa = PBXSourcesBuildPhase;
			buildActionMask = 2147483647;
			files = (
				C72655F41726EE250087AA47 /* main.m in Sources */,
				C72655F81726EE250087AA47 /* CLAppDelegate.m in Sources */,
				C72656061726EE400087AA47 /* CLViewController.m in Sources */,
			);
			runOnlyForDeploymentPostprocessing = 0;
		};
/* End PBXSourcesBuildPhase section */

/* Begin PBXVariantGroup section */
		C72655F01726EE250087AA47 /* InfoPlist.strings */ = {
			isa = PBXVariantGroup;
			children = (
				C72655F11726EE250087AA47 /* en */,
			);
			name = InfoPlist.strings;
			sourceTree = "<group>";
		};
/* End PBXVariantGroup section */

/* Begin XCBuildConfiguration section */
		C72655FF1726EE250087AA47 /* Debug */ = {
			isa = XCBuildConfiguration;
			buildSettings = {
				ALWAYS_SEARCH_USER_PATHS = NO;
				CLANG_CXX_LANGUAGE_STANDARD = "gnu++0x";
				CLANG_CXX_LIBRARY = "libc++";
				CLANG_WARN_CONSTANT_CONVERSION = YES;
				CLANG_WARN_EMPTY_BODY = YES;
				CLANG_WARN_ENUM_CONVERSION = YES;
				CLANG_WARN_INT_CONVERSION = YES;
				CLANG_WARN__DUPLICATE_METHOD_MATCH = YES;
				"CODE_SIGN_IDENTITY[sdk=iphoneos*]" = "iPhone Developer";
				COPY_PHASE_STRIP = NO;
				GCC_C_LANGUAGE_STANDARD = gnu99;
				GCC_DYNAMIC_NO_PIC = NO;
				GCC_OPTIMIZATION_LEVEL = 0;
				GCC_PREPROCESSOR_DEFINITIONS = (
					"DEBUG=1",
					"$(inherited)",
				);
				GCC_SYMBOLS_PRIVATE_EXTERN = NO;
				GCC_WARN_ABOUT_RETURN_TYPE = YES;
				GCC_WARN_UNINITIALIZED_AUTOS = YES;
				GCC_WARN_UNUSED_VARIABLE = YES;
				IPHONEOS_DEPLOYMENT_TARGET = 6.1;
				ONLY_ACTIVE_ARCH = YES;
				SDKROOT = iphoneos;
			};
			name = Debug;
		};
		C72656001726EE250087AA47 /* Release */ = {
			isa = XCBuildConfiguration;
			buildSettings = {
				ALWAYS_SEARCH_USER_PATHS = NO;
				CLANG_CXX_LANGUAGE_STANDARD = "gnu++0x";
				CLANG_CXX_LIBRARY = "libc++";
				CLANG_WARN_CONSTANT_CONVERSION = YES;
				CLANG_WARN_EMPTY_BODY = YES;
				CLANG_WARN_ENUM_CONVERSION = YES;
				CLANG_WARN_INT_CONVERSION = YES;
				CLANG_WARN__DUPLICATE_METHOD_MATCH = YES;
				"CODE_SIGN_IDENTITY[sdk=iphoneos*]" = "iPhone Developer";
				COPY_PHASE_STRIP = YES;
				GCC_C_LANGUAGE_STANDARD = gnu99;
				GCC_WARN_ABOUT_RETURN_TYPE = YES;
				GCC_WARN_UNINITIALIZED_AUTOS = YES;
				GCC_WARN_UNUSED_VARIABLE = YES;
				IPHONEOS_DEPLOYMENT_TARGET = 6.1;
				OTHER_CFLAGS = "-DNS_BLOCK_ASSERTIONS=1";
				SDKROOT = iphoneos;
				VALIDATE_PRODUCT = YES;
			};
			name = Release;
		};
		C72656021726EE250087AA47 /* Debug */ = {
			isa = XCBuildConfiguration;
			buildSettings = {
				GCC_PRECOMPILE_PREFIX_HEADER = YES;
				GCC_PREFIX_HEADER = "PhoneVibrates/PhoneVibrates-Prefix.pch";
				INFOPLIST_FILE = "PhoneVibrates/PhoneVibrates-Info.plist";
				PRODUCT_NAME = "$(TARGET_NAME)";
				WRAPPER_EXTENSION = app;
			};
			name = Debug;
		};
		C72656031726EE250087AA47 /* Release */ = {
			isa = XCBuildConfiguration;
			buildSettings = {
				GCC_PRECOMPILE_PREFIX_HEADER = YES;
				GCC_PREFIX_HEADER = "PhoneVibrates/PhoneVibrates-Prefix.pch";
				INFOPLIST_FILE = "PhoneVibrates/PhoneVibrates-Info.plist";
				PRODUCT_NAME = "$(TARGET_NAME)";
				WRAPPER_EXTENSION = app;
			};
			name = Release;
		};
/* End XCBuildConfiguration section */

/* Begin XCConfigurationList section */
		C72655DF1726EE250087AA47 /* Build configuration list for PBXProject "PhoneVibrates" */ = {
			isa = XCConfigurationList;
			buildConfigurations = (
				C72655FF1726EE250087AA47 /* Debug */,
				C72656001726EE250087AA47 /* Release */,
			);
			defaultConfigurationIsVisible = 0;
			defaultConfigurationName = Release;
		};
		C72656011726EE250087AA47 /* Build configuration list for PBXNativeTarget "PhoneVibrates" */ = {
			isa = XCConfigurationList;
			buildConfigurations = (
				C72656021726EE250087AA47 /* Debug */,
				C72656031726EE250087AA47 /* Release */,
			);
			defaultConfigurationIsVisible = 0;
			defaultConfigurationName = Release;
		};
/* End XCConfigurationList section */
	};
	rootObject = C72655DC1726EE250087AA47 /* Project object */;
}
